
Microsoft Visual Studio Solution File, Format Version 12.00
# Visual Studio Version 17
VisualStudioVersion = 17.9.34607.119
MinimumVisualStudioVersion = 10.0.40219.1
Project("{FAE04EC0-301F-11D3-BF4B-00C04F79EFBC}") = "WebApi_silicon", "WebApi_silicon\WebApi_silicon.csproj", "{C0B2738F-4096-4EEC-B4C8-CD2AEBB24DA6}"
EndProject
Project("{FAE04EC0-301F-11D3-BF4B-00C04F79EFBC}") = "Infrastructure", "Infrastructure\Infrastructure.csproj", "{FEDC574D-E29E-46BC-B970-BC7AE395D2E8}"
EndProject
Global
	GlobalSection(SolutionConfigurationPlatforms) = preSolution
		Debug|Any CPU = Debug|Any CPU
		Release|Any CPU = Release|Any CPU
	EndGlobalSection
	GlobalSection(ProjectConfigurationPlatforms) = postSolution
		{C0B2738F-4096-4EEC-B4C8-CD2AEBB24DA6}.Debug|Any CPU.ActiveCfg = Debug|Any CPU
		{C0B2738F-4096-4EEC-B4C8-CD2AEBB24DA6}.Debug|Any CPU.Build.0 = Debug|Any CPU
		{C0B2738F-4096-4EEC-B4C8-CD2AEBB24DA6}.Release|Any CPU.ActiveCfg = Release|Any CPU
		{C0B2738F-4096-4EEC-B4C8-CD2AEBB24DA6}.Release|Any CPU.Build.0 = Release|Any CPU
		{FEDC574D-E29E-46BC-B970-BC7AE395D2E8}.Debug|Any CPU.ActiveCfg = Debug|Any CPU
		{FEDC574D-E29E-46BC-B970-BC7AE395D2E8}.Debug|Any CPU.Build.0 = Debug|Any CPU
		{FEDC574D-E29E-46BC-B970-BC7AE395D2E8}.Release|Any CPU.ActiveCfg = Release|Any CPU
		{FEDC574D-E29E-46BC-B970-BC7AE395D2E8}.Release|Any CPU.Build.0 = Release|Any CPU
	EndGlobalSection
	GlobalSection(SolutionProperties) = preSolution
		HideSolutionNode = FALSE
	EndGlobalSection
	GlobalSection(ExtensibilityGlobals) = postSolution
		SolutionGuid = {99D852E8-FCEE-4FFE-A994-31D806567104}
	EndGlobalSection
EndGlobal
